// !$*UTF8*$!
{
	archiveVersion = 1;
	classes = {
	};
	objectVersion = 46;
	objects = {

/* Begin PBXBuildFile section */
		8E4762861E13CD6D00E0FADA /* AppDelegate.swift in Sources */ = {isa = PBXBuildFile; fileRef = 8E4762851E13CD6D00E0FADA /* AppDelegate.swift */; };
		8E4762881E13CD6D00E0FADA /* ViewController.swift in Sources */ = {isa = PBXBuildFile; fileRef = 8E4762871E13CD6D00E0FADA /* ViewController.swift */; };
		8E47628B1E13CD6D00E0FADA /* Main.storyboard in Resources */ = {isa = PBXBuildFile; fileRef = 8E4762891E13CD6D00E0FADA /* Main.storyboard */; };
		8E47628D1E13CD6E00E0FADA /* Assets.xcassets in Resources */ = {isa = PBXBuildFile; fileRef = 8E47628C1E13CD6E00E0FADA /* Assets.xcassets */; };
		8E4762901E13CD6E00E0FADA /* LaunchScreen.storyboard in Resources */ = {isa = PBXBuildFile; fileRef = 8E47628E1E13CD6E00E0FADA /* LaunchScreen.storyboard */; };
		8E4762981E13D03600E0FADA /* PC290091.JPG in Resources */ = {isa = PBXBuildFile; fileRef = 8E4762971E13D03600E0FADA /* PC290091.JPG */; };
/* End PBXBuildFile section */

/* Begin PBXFileReference section */
		8E4762821E13CD6D00E0FADA /* Photo Filter.app */ = {isa = PBXFileReference; explicitFileType = wrapper.application; includeInIndex = 0; path = "Photo Filter.app"; sourceTree = BUILT_PRODUCTS_DIR; };
		8E4762851E13CD6D00E0FADA /* AppDelegate.swift */ = {isa = PBXFileReference; lastKnownFileType = sourcecode.swift; path = AppDelegate.swift; sourceTree = "<group>"; };
		8E4762871E13CD6D00E0FADA /* ViewController.swift */ = {isa = PBXFileReference; lastKnownFileType = sourcecode.swift; path = ViewController.swift; sourceTree = "<group>"; };
		8E47628A1E13CD6D00E0FADA /* Base */ = {isa = PBXFileReference; lastKnownFileType = file.storyboard; name = Base; path = Base.lproj/Main.storyboard; sourceTree = "<group>"; };
		8E47628C1E13CD6E00E0FADA /* Assets.xcassets */ = {isa = PBXFileReference; lastKnownFileType = folder.assetcatalog; path = Assets.xcassets; sourceTree = "<group>"; };
		8E47628F1E13CD6E00E0FADA /* Base */ = {isa = PBXFileReference; lastKnownFileType = file.storyboard; name = Base; path = Base.lproj/LaunchScreen.storyboard; sourceTree = "<group>"; };
		8E4762911E13CD6E00E0FADA /* Info.plist */ = {isa = PBXFileReference; lastKnownFileType = text.plist.xml; path = Info.plist; sourceTree = "<group>"; };
		8E4762971E13D03600E0FADA /* PC290091.JPG */ = {isa = PBXFileReference; lastKnownFileType = image.jpeg; name = PC290091.JPG; path = ../../../Desktop/PC290091.JPG; sourceTree = "<group>"; };
/* End PBXFileReference section */

/* Begin PBXFrameworksBuildPhase section */
		8E47627F1E13CD6D00E0FADA /* Frameworks */ = {
			isa = PBXFrameworksBuildPhase;
			buildActionMask = 2147483647;
			files = (
			);
			runOnlyForDeploymentPostprocessing = 0;
		};
/* End PBXFrameworksBuildPhase section */

/* Begin PBXGroup section */
		8E4762791E13CD6D00E0FADA = {
			isa = PBXGroup;
			children = (
				8E4762841E13CD6D00E0FADA /* Photo Filter */,
				8E4762831E13CD6D00E0FADA /* Products */,
			);
			sourceTree = "<group>";
		};
		8E4762831E13CD6D00E0FADA /* Products */ = {
			isa = PBXGroup;
			children = (
				8E4762821E13CD6D00E0FADA /* Photo Filter.app */,
			);
			name = Products;
			sourceTree = "<group>";
		};
		8E4762841E13CD6D00E0FADA /* Photo Filter */ = {
			isa = PBXGroup;
			children = (
				8E4762971E13D03600E0FADA /* PC290091.JPG */,
				8E4762851E13CD6D00E0FADA /* AppDelegate.swift */,
				8E4762871E13CD6D00E0FADA /* ViewController.swift */,
				8E4762891E13CD6D00E0FADA /* Main.storyboard */,
				8E47628C1E13CD6E00E0FADA /* Assets.xcassets */,
				8E47628E1E13CD6E00E0FADA /* LaunchScreen.storyboard */,
				8E4762911E13CD6E00E0FADA /* Info.plist */,
			);
			path = "Photo Filter";
			sourceTree = "<group>";
		};
/* End PBXGroup section */

/* Begin PBXNativeTarget section */
		8E4762811E13CD6D00E0FADA /* Photo Filter */ = {
			isa = PBXNativeTarget;
			buildConfigurationList = 8E4762941E13CD6E00E0FADA /* Build configuration list for PBXNativeTarget "Photo Filter" */;
			buildPhases = (
				8E47627E1E13CD6D00E0FADA /* Sources */,
				8E47627F1E13CD6D00E0FADA /* Frameworks */,
				8E4762801E13CD6D00E0FADA /* Resources */,
			);
			buildRules = (
			);
			dependencies = (
			);
			name = "Photo Filter";
			productName = "Photo Filter";
			productReference = 8E4762821E13CD6D00E0FADA /* Photo Filter.app */;
			productType = "com.apple.product-type.application";
		};
/* End PBXNativeTarget section */

/* Begin PBXProject section */
		8E47627A1E13CD6D00E0FADA /* Project object */ = {
			isa = PBXProject;
			attributes = {
				LastSwiftUpdateCheck = 0810;
				LastUpgradeCheck = 0810;
				ORGANIZATIONNAME = "Daniel Springer";
				TargetAttributes = {
					8E4762811E13CD6D00E0FADA = {
						CreatedOnToolsVersion = 8.1;
						DevelopmentTeam = 3KXG3NAG38;
						ProvisioningStyle = Automatic;
					};
				};
			};
			buildConfigurationList = 8E47627D1E13CD6D00E0FADA /* Build configuration list for PBXProject "Photo Filter" */;
			compatibilityVersion = "Xcode 3.2";
			developmentRegion = English;
			hasScannedForEncodings = 0;
			knownRegions = (
				en,
				Base,
			);
			mainGroup = 8E4762791E13CD6D00E0FADA;
			productRefGroup = 8E4762831E13CD6D00E0FADA /* Products */;
			projectDirPath = "";
			projectRoot = "";
			targets = (
				8E4762811E13CD6D00E0FADA /* Photo Filter */,
			);
		};
/* End PBXProject section */

/* Begin PBXResourcesBuildPhase section */
		8E4762801E13CD6D00E0FADA /* Resources */ = {
			isa = PBXResourcesBuildPhase;
			buildActionMask = 2147483647;
			files = (
				8E4762901E13CD6E00E0FADA /* LaunchScreen.storyboard in Resources */,
				8E47628D1E13CD6E00E0FADA /* Assets.xcassets in Resources */,
				8E47628B1E13CD6D00E0FADA /* Main.storyboard in Resources */,
				8E4762981E13D03600E0FADA /* PC290091.JPG in Resources */,
			);
			runOnlyForDeploymentPostprocessing = 0;
		};
/* End PBXResourcesBuildPhase section */

/* Begin PBXSourcesBuildPhase section */
		8E47627E1E13CD6D00E0FADA /* Sources */ = {
			isa = PBXSourcesBuildPhase;
			buildActionMask = 2147483647;
			files = (
				8E4762881E13CD6D00E0FADA /* ViewController.swift in Sources */,
				8E4762861E13CD6D00E0FADA /* AppDelegate.swift in Sources */,
			);
			runOnlyForDeploymentPostprocessing = 0;
		};
/* End PBXSourcesBuildPhase section */

/* Begin PBXVariantGroup section */
		8E4762891E13CD6D00E0FADA /* Main.storyboard */ = {
			isa = PBXVariantGroup;
			children = (
				8E47628A1E13CD6D00E0FADA /* Base */,
			);
			name = Main.storyboard;
			sourceTree = "<group>";
		};
		8E47628E1E13CD6E00E0FADA /* LaunchScreen.storyboard */ = {
			isa = PBXVariantGroup;
			children = (
				8E47628F1E13CD6E00E0FADA /* Base */,
			);
			name = LaunchScreen.storyboard;
			sourceTree = "<group>";
		};
/* End PBXVariantGroup section */

/* Begin XCBuildConfiguration section */
		8E4762921E13CD6E00E0FADA /* Debug */ = {
			isa = XCBuildConfiguration;
			buildSettings = {
				ALWAYS_SEARCH_USER_PATHS = NO;
				CLANG_ANALYZER_NONNULL = YES;
				CLANG_CXX_LANGUAGE_STANDARD = "gnu++0x";
				CLANG_CXX_LIBRARY = "libc++";
				CLANG_ENABLE_MODULES = YES;
				CLANG_ENABLE_OBJC_ARC = YES;
				CLANG_WARN_BOOL_CONVERSION = YES;
				CLANG_WARN_CONSTANT_CONVERSION = YES;
				CLANG_WARN_DIRECT_OBJC_ISA_USAGE = YES_ERROR;
				CLANG_WARN_DOCUMENTATION_COMMENTS = YES;
				CLANG_WARN_EMPTY_BODY = YES;
				CLANG_WARN_ENUM_CONVERSION = YES;
				CLANG_WARN_INFINITE_RECURSION = YES;
				CLANG_WARN_INT_CONVERSION = YES;
				CLANG_WARN_OBJC_ROOT_CLASS = YES_ERROR;
				CLANG_WARN_SUSPICIOUS_MOVES = YES;
				CLANG_WARN_UNREACHABLE_CODE = YES;
				CLANG_WARN__DUPLICATE_METHOD_MATCH = YES;
				"CODE_SIGN_IDENTITY[sdk=iphoneos*]" = "iPhone Developer";
				COPY_PHASE_STRIP = NO;
				DEBUG_INFORMATION_FORMAT = dwarf;
				ENABLE_STRICT_OBJC_MSGSEND = YES;
				ENABLE_TESTABILITY = YES;
				GCC_C_LANGUAGE_STANDARD = gnu99;
				GCC_DYNAMIC_NO_PIC = NO;
				GCC_NO_COMMON_BLOCKS = YES;
				GCC_OPTIMIZATION_LEVEL = 0;
				GCC_PREPROCESSOR_DEFINITIONS = (
					"DEBUG=1",
					"$(inherited)",
				);
				GCC_WARN_64_TO_32_BIT_CONVERSION = YES;
				GCC_WARN_ABOUT_RETURN_TYPE = YES_ERROR;
				GCC_WARN_UNDECLARED_SELECTOR = YES;
				GCC_WARN_UNINITIALIZED_AUTOS = YES_AGGRESSIVE;
				GCC_WARN_UNUSED_FUNCTION = YES;
				GCC_WARN_UNUSED_VARIABLE = YES;
				IPHONEOS_DEPLOYMENT_TARGET = 10.1;
				MTL_ENABLE_DEBUG_INFO = YES;
				ONLY_ACTIVE_ARCH = YES;
				SDKROOT = iphoneos;
				SWIFT_ACTIVE_COMPILATION_CONDITIONS = DEBUG;
				SWIFT_OPTIMIZATION_LEVEL = "-Onone";
			};
			name = Debug;
		};
		8E4762931E13CD6E00E0FADA /* Release */ = {
			isa = XCBuildConfiguration;
			buildSettings = {
				ALWAYS_SEARCH_USER_PATHS = NO;
				CLANG_ANALYZER_NONNULL = YES;
				CLANG_CXX_LANGUAGE_STANDARD = "gnu++0x";
				CLANG_CXX_LIBRARY = "libc++";
				CLANG_ENABLE_MODULES = YES;
				CLANG_ENABLE_OBJC_ARC = YES;
				CLANG_WARN_BOOL_CONVERSION = YES;
				CLANG_WARN_CONSTANT_CONVERSION = YES;
				CLANG_WARN_DIRECT_OBJC_ISA_USAGE = YES_ERROR;
				CLANG_WARN_DOCUMENTATION_COMMENTS = YES;
				CLANG_WARN_EMPTY_BODY = YES;
				CLANG_WARN_ENUM_CONVERSION = YES;
				CLANG_WARN_INFINITE_RECURSION = YES;
				CLANG_WARN_INT_CONVERSION = YES;
				CLANG_WARN_OBJC_ROOT_CLASS = YES_ERROR;
				CLANG_WARN_SUSPICIOUS_MOVES = YES;
				CLANG_WARN_UNREACHABLE_CODE = YES;
				CLANG_WARN__DUPLICATE_METHOD_MATCH = YES;
				"CODE_SIGN_IDENTITY[sdk=iphoneos*]" = "iPhone Developer";
				COPY_PHASE_STRIP = NO;
				DEBUG_INFORMATION_FORMAT = "dwarf-with-dsym";
				ENABLE_NS_ASSERTIONS = NO;
				ENABLE_STRICT_OBJC_MSGSEND = YES;
				GCC_C_LANGUAGE_STANDARD = gnu99;
				GCC_NO_COMMON_BLOCKS = YES;
				GCC_WARN_64_TO_32_BIT_CONVERSION = YES;
				GCC_WARN_ABOUT_RETURN_TYPE = YES_ERROR;
				GCC_WARN_UNDECLARED_SELECTOR = YES;
				GCC_WARN_UNINITIALIZED_AUTOS = YES_AGGRESSIVE;
				GCC_WARN_UNUSED_FUNCTION = YES;
				GCC_WARN_UNUSED_VARIABLE = YES;
				IPHONEOS_DEPLOYMENT_TARGET = 10.1;
				MTL_ENABLE_DEBUG_INFO = NO;
				SDKROOT = iphoneos;
				SWIFT_OPTIMIZATION_LEVEL = "-Owholemodule";
				VALIDATE_PRODUCT = YES;
			};
			name = Release;
		};
		8E4762951E13CD6E00E0FADA /* Debug */ = {
			isa = XCBuildConfiguration;
			buildSettings = {
				ASSETCATALOG_COMPILER_APPICON_NAME = AppIcon;
				DEVELOPMENT_TEAM = 3KXG3NAG38;
				INFOPLIST_FILE = "Photo Filter/Info.plist";
				LD_RUNPATH_SEARCH_PATHS = "$(inherited) @executable_path/Frameworks";
				PRODUCT_BUNDLE_IDENTIFIER = "com.YachtTechie.Photo-Filter";
				PRODUCT_NAME = "$(TARGET_NAME)";
				SWIFT_VERSION = 3.0;
			};
			name = Debug;
		};
		8E4762961E13CD6E00E0FADA /* Release */ = {
			isa = XCBuildConfiguration;
			buildSettings = {
				ASSETCATALOG_COMPILER_APPICON_NAME = AppIcon;
				DEVELOPMENT_TEAM = 3KXG3NAG38;
				INFOPLIST_FILE = "Photo Filter/Info.plist";
				LD_RUNPATH_SEARCH_PATHS = "$(inherited) @executable_path/Frameworks";
				PRODUCT_BUNDLE_IDENTIFIER = "com.YachtTechie.Photo-Filter";
				PRODUCT_NAME = "$(TARGET_NAME)";
				SWIFT_VERSION = 3.0;
			};
			name = Release;
		};
/* End XCBuildConfiguration section */

/* Begin XCConfigurationList section */
		8E47627D1E13CD6D00E0FADA /* Build configuration list for PBXProject "Photo Filter" */ = {
			isa = XCConfigurationList;
			buildConfigurations = (
				8E4762921E13CD6E00E0FADA /* Debug */,
				8E4762931E13CD6E00E0FADA /* Release */,
			);
			defaultConfigurationIsVisible = 0;
			defaultConfigurationName = Release;
		};
		8E4762941E13CD6E00E0FADA /* Build configuration list for PBXNativeTarget "Photo Filter" */ = {
			isa = XCConfigurationList;
			buildConfigurations = (
				8E4762951E13CD6E00E0FADA /* Debug */,
				8E4762961E13CD6E00E0FADA /* Release */,
			);
			defaultConfigurationIsVisible = 0;
		};
/* End XCConfigurationList section */
	};
	rootObject = 8E47627A1E13CD6D00E0FADA /* Project object */;
}
